
Microsoft Visual Studio Solution File, Format Version 12.00
# Visual Studio Version 16
VisualStudioVersion = 16.0.29418.71
MinimumVisualStudioVersion = 10.0.40219.1
Project("{9A19103F-16F7-4668-BE54-9A1E7A4F7556}") = "BlazorApp", "BlazorApp\BlazorApp.csproj", "{353C515C-6C27-4E39-9432-F59EE91C95BC}"
EndProject
Project("{FAE04EC0-301F-11D3-BF4B-00C04F79EFBC}") = "BlazorApp.Shared", "BlazorApp.Shared\BlazorApp.Shared.csproj", "{A3A9D696-5CCC-4039-9E17-30D662607984}"
EndProject
Global
	GlobalSection(SolutionConfigurationPlatforms) = preSolution
		Debug|Any CPU = Debug|Any CPU
		Release|Any CPU = Release|Any CPU
	EndGlobalSection
	GlobalSection(ProjectConfigurationPlatforms) = postSolution
		{353C515C-6C27-4E39-9432-F59EE91C95BC}.Debug|Any CPU.ActiveCfg = Debug|Any CPU
		{353C515C-6C27-4E39-9432-F59EE91C95BC}.Debug|Any CPU.Build.0 = Debug|Any CPU
		{353C515C-6C27-4E39-9432-F59EE91C95BC}.Release|Any CPU.ActiveCfg = Release|Any CPU
		{353C515C-6C27-4E39-9432-F59EE91C95BC}.Release|Any CPU.Build.0 = Release|Any CPU
		{A3A9D696-5CCC-4039-9E17-30D662607984}.Debug|Any CPU.ActiveCfg = Debug|Any CPU
		{A3A9D696-5CCC-4039-9E17-30D662607984}.Debug|Any CPU.Build.0 = Debug|Any CPU
		{A3A9D696-5CCC-4039-9E17-30D662607984}.Release|Any CPU.ActiveCfg = Release|Any CPU
		{A3A9D696-5CCC-4039-9E17-30D662607984}.Release|Any CPU.Build.0 = Release|Any CPU
	EndGlobalSection
	GlobalSection(SolutionProperties) = preSolution
		HideSolutionNode = FALSE
	EndGlobalSection
	GlobalSection(ExtensibilityGlobals) = postSolution
		SolutionGuid = {50FEC3EE-C653-4F43-9C2E-FF56A0474094}
	EndGlobalSection
EndGlobal
